
Microsoft Visual Studio Solution File, Format Version 12.00
# Visual Studio 15
VisualStudioVersion = 15.0.27130.2036
MinimumVisualStudioVersion = 10.0.40219.1
Project("{FAE04EC0-301F-11D3-BF4B-00C04F79EFBC}") = "MPDCtrl", "WpfMPD\MPDCtrl.csproj", "{2CF15B56-5EFE-451B-A1AC-EE9B78122955}"
EndProject
Global
	GlobalSection(SolutionConfigurationPlatforms) = preSolution
		Debug|Any CPU = Debug|Any CPU
		Release|Any CPU = Release|Any CPU
	EndGlobalSection
	GlobalSection(ProjectConfigurationPlatforms) = postSolution
		{2CF15B56-5EFE-451B-A1AC-EE9B78122955}.Debug|Any CPU.ActiveCfg = Debug|Any CPU
		{2CF15B56-5EFE-451B-A1AC-EE9B78122955}.Debug|Any CPU.Build.0 = Debug|Any CPU
		{2CF15B56-5EFE-451B-A1AC-EE9B78122955}.Release|Any CPU.ActiveCfg = Release|Any CPU
		{2CF15B56-5EFE-451B-A1AC-EE9B78122955}.Release|Any CPU.Build.0 = Release|Any CPU
	EndGlobalSection
	GlobalSection(SolutionProperties) = preSolution
		HideSolutionNode = FALSE
	EndGlobalSection
	GlobalSection(ExtensibilityGlobals) = postSolution
		SolutionGuid = {701B8080-C153-45E7-B7DA-DD01A7C34C05}
	EndGlobalSection
EndGlobal
