
Microsoft Visual Studio Solution File, Format Version 12.00
# Visual Studio Version 16
VisualStudioVersion = 16.0.30717.126
MinimumVisualStudioVersion = 10.0.40219.1
Project("{FAE04EC0-301F-11D3-BF4B-00C04F79EFBC}") = "MPDCtrl", "MPDCtrl\MPDCtrl.csproj", "{72A81192-4291-42D0-ABBD-9B3FC27B0B54}"
EndProject
Global
	GlobalSection(SolutionConfigurationPlatforms) = preSolution
		Debug|Any CPU = Debug|Any CPU
		Release|Any CPU = Release|Any CPU
	EndGlobalSection
	GlobalSection(ProjectConfigurationPlatforms) = postSolution
		{72A81192-4291-42D0-ABBD-9B3FC27B0B54}.Debug|Any CPU.ActiveCfg = Debug|Any CPU
		{72A81192-4291-42D0-ABBD-9B3FC27B0B54}.Debug|Any CPU.Build.0 = Debug|Any CPU
		{72A81192-4291-42D0-ABBD-9B3FC27B0B54}.Release|Any CPU.ActiveCfg = Release|Any CPU
		{72A81192-4291-42D0-ABBD-9B3FC27B0B54}.Release|Any CPU.Build.0 = Release|Any CPU
	EndGlobalSection
	GlobalSection(SolutionProperties) = preSolution
		HideSolutionNode = FALSE
	EndGlobalSection
	GlobalSection(ExtensibilityGlobals) = postSolution
		SolutionGuid = {DEDA9D75-9472-43D8-A27D-DF7842E02EC1}
	EndGlobalSection
EndGlobal
